
Microsoft Visual Studio Solution File, Format Version 12.00
# Visual Studio 14
VisualStudioVersion = 14.0.23107.0
MinimumVisualStudioVersion = 10.0.40219.1
Project("{FAE04EC0-301F-11D3-BF4B-00C04F79EFBC}") = "Browser", "Browser\Browser.csproj", "{E1E42AC8-A142-4999-897E-7BD0F7394A3E}"
EndProject
Project("{8BC9CEB8-8B4A-11D0-8D11-00A0C91BC942}") = "LiteHtmlLib", "LiteHtmlLib\LiteHtmlLib.vcxproj", "{2E1F5B1E-430B-4FFF-963C-92229154F261}"
EndProject
Project("{D954291E-2A0B-460D-934E-DC6B0785DB48}") = "LiteHtmlSharp", "LiteHtmlSharp\LiteHtmlSharp.shproj", "{6BC47FA3-8312-436A-A609-F87D59DBE874}"
EndProject
Project("{FAE04EC0-301F-11D3-BF4B-00C04F79EFBC}") = "LiteHtmlWpf", "LiteHtmlWpf\LiteHtmlWpf.csproj", "{9B705354-9183-4D52-A788-7A113F3EC405}"
EndProject
Global
	GlobalSection(SharedMSBuildProjectFiles) = preSolution
		LiteHtmlSharp\LiteHtmlSharp.projitems*{6bc47fa3-8312-436a-a609-f87d59dbe874}*SharedItemsImports = 13
		LiteHtmlSharp\LiteHtmlSharp.projitems*{9b705354-9183-4d52-a788-7a113f3ec405}*SharedItemsImports = 4
	EndGlobalSection
	GlobalSection(SolutionConfigurationPlatforms) = preSolution
		Debug|Any CPU = Debug|Any CPU
		Debug|x64 = Debug|x64
		Debug|x86 = Debug|x86
		Debug-UTF8|Any CPU = Debug-UTF8|Any CPU
		Debug-UTF8|x64 = Debug-UTF8|x64
		Debug-UTF8|x86 = Debug-UTF8|x86
		Release|Any CPU = Release|Any CPU
		Release|x64 = Release|x64
		Release|x86 = Release|x86
		Release-UTF8|Any CPU = Release-UTF8|Any CPU
		Release-UTF8|x64 = Release-UTF8|x64
		Release-UTF8|x86 = Release-UTF8|x86
	EndGlobalSection
	GlobalSection(ProjectConfigurationPlatforms) = postSolution
		{E1E42AC8-A142-4999-897E-7BD0F7394A3E}.Debug|Any CPU.ActiveCfg = Debug|Any CPU
		{E1E42AC8-A142-4999-897E-7BD0F7394A3E}.Debug|Any CPU.Build.0 = Debug|Any CPU
		{E1E42AC8-A142-4999-897E-7BD0F7394A3E}.Debug|x64.ActiveCfg = Debug|Any CPU
		{E1E42AC8-A142-4999-897E-7BD0F7394A3E}.Debug|x64.Build.0 = Debug|Any CPU
		{E1E42AC8-A142-4999-897E-7BD0F7394A3E}.Debug|x86.ActiveCfg = Debug|Any CPU
		{E1E42AC8-A142-4999-897E-7BD0F7394A3E}.Debug|x86.Build.0 = Debug|Any CPU
		{E1E42AC8-A142-4999-897E-7BD0F7394A3E}.Debug-UTF8|Any CPU.ActiveCfg = Debug|Any CPU
		{E1E42AC8-A142-4999-897E-7BD0F7394A3E}.Debug-UTF8|Any CPU.Build.0 = Debug|Any CPU
		{E1E42AC8-A142-4999-897E-7BD0F7394A3E}.Debug-UTF8|x64.ActiveCfg = Debug|Any CPU
		{E1E42AC8-A142-4999-897E-7BD0F7394A3E}.Debug-UTF8|x64.Build.0 = Debug|Any CPU
		{E1E42AC8-A142-4999-897E-7BD0F7394A3E}.Debug-UTF8|x86.ActiveCfg = Debug|Any CPU
		{E1E42AC8-A142-4999-897E-7BD0F7394A3E}.Debug-UTF8|x86.Build.0 = Debug|Any CPU
		{E1E42AC8-A142-4999-897E-7BD0F7394A3E}.Release|Any CPU.ActiveCfg = Release|Any CPU
		{E1E42AC8-A142-4999-897E-7BD0F7394A3E}.Release|Any CPU.Build.0 = Release|Any CPU
		{E1E42AC8-A142-4999-897E-7BD0F7394A3E}.Release|x64.ActiveCfg = Release|Any CPU
		{E1E42AC8-A142-4999-897E-7BD0F7394A3E}.Release|x64.Build.0 = Release|Any CPU
		{E1E42AC8-A142-4999-897E-7BD0F7394A3E}.Release|x86.ActiveCfg = Release|Any CPU
		{E1E42AC8-A142-4999-897E-7BD0F7394A3E}.Release|x86.Build.0 = Release|Any CPU
		{E1E42AC8-A142-4999-897E-7BD0F7394A3E}.Release-UTF8|Any CPU.ActiveCfg = Release|Any CPU
		{E1E42AC8-A142-4999-897E-7BD0F7394A3E}.Release-UTF8|Any CPU.Build.0 = Release|Any CPU
		{E1E42AC8-A142-4999-897E-7BD0F7394A3E}.Release-UTF8|x64.ActiveCfg = Release|Any CPU
		{E1E42AC8-A142-4999-897E-7BD0F7394A3E}.Release-UTF8|x64.Build.0 = Release|Any CPU
		{E1E42AC8-A142-4999-897E-7BD0F7394A3E}.Release-UTF8|x86.ActiveCfg = Release|Any CPU
		{E1E42AC8-A142-4999-897E-7BD0F7394A3E}.Release-UTF8|x86.Build.0 = Release|Any CPU
		{2E1F5B1E-430B-4FFF-963C-92229154F261}.Debug|Any CPU.ActiveCfg = Debug|Win32
		{2E1F5B1E-430B-4FFF-963C-92229154F261}.Debug|x64.ActiveCfg = Debug|x64
		{2E1F5B1E-430B-4FFF-963C-92229154F261}.Debug|x64.Build.0 = Debug|x64
		{2E1F5B1E-430B-4FFF-963C-92229154F261}.Debug|x86.ActiveCfg = Debug|Win32
		{2E1F5B1E-430B-4FFF-963C-92229154F261}.Debug|x86.Build.0 = Debug|Win32
		{2E1F5B1E-430B-4FFF-963C-92229154F261}.Debug-UTF8|Any CPU.ActiveCfg = Release|x64
		{2E1F5B1E-430B-4FFF-963C-92229154F261}.Debug-UTF8|Any CPU.Build.0 = Release|x64
		{2E1F5B1E-430B-4FFF-963C-92229154F261}.Debug-UTF8|x64.ActiveCfg = Debug|x64
		{2E1F5B1E-430B-4FFF-963C-92229154F261}.Debug-UTF8|x64.Build.0 = Debug|x64
		{2E1F5B1E-430B-4FFF-963C-92229154F261}.Debug-UTF8|x86.ActiveCfg = Debug|Win32
		{2E1F5B1E-430B-4FFF-963C-92229154F261}.Debug-UTF8|x86.Build.0 = Debug|Win32
		{2E1F5B1E-430B-4FFF-963C-92229154F261}.Release|Any CPU.ActiveCfg = Release|Win32
		{2E1F5B1E-430B-4FFF-963C-92229154F261}.Release|x64.ActiveCfg = Release|x64
		{2E1F5B1E-430B-4FFF-963C-92229154F261}.Release|x64.Build.0 = Release|x64
		{2E1F5B1E-430B-4FFF-963C-92229154F261}.Release|x86.ActiveCfg = Release|Win32
		{2E1F5B1E-430B-4FFF-963C-92229154F261}.Release|x86.Build.0 = Release|Win32
		{2E1F5B1E-430B-4FFF-963C-92229154F261}.Release-UTF8|Any CPU.ActiveCfg = Release|x64
		{2E1F5B1E-430B-4FFF-963C-92229154F261}.Release-UTF8|Any CPU.Build.0 = Release|x64
		{2E1F5B1E-430B-4FFF-963C-92229154F261}.Release-UTF8|x64.ActiveCfg = Release|x64
		{2E1F5B1E-430B-4FFF-963C-92229154F261}.Release-UTF8|x64.Build.0 = Release|x64
		{2E1F5B1E-430B-4FFF-963C-92229154F261}.Release-UTF8|x86.ActiveCfg = Release|Win32
		{2E1F5B1E-430B-4FFF-963C-92229154F261}.Release-UTF8|x86.Build.0 = Release|Win32
		{9B705354-9183-4D52-A788-7A113F3EC405}.Debug|Any CPU.ActiveCfg = Debug|Any CPU
		{9B705354-9183-4D52-A788-7A113F3EC405}.Debug|Any CPU.Build.0 = Debug|Any CPU
		{9B705354-9183-4D52-A788-7A113F3EC405}.Debug|x64.ActiveCfg = Debug|Any CPU
		{9B705354-9183-4D52-A788-7A113F3EC405}.Debug|x64.Build.0 = Debug|Any CPU
		{9B705354-9183-4D52-A788-7A113F3EC405}.Debug|x86.ActiveCfg = Debug|Any CPU
		{9B705354-9183-4D52-A788-7A113F3EC405}.Debug|x86.Build.0 = Debug|Any CPU
		{9B705354-9183-4D52-A788-7A113F3EC405}.Debug-UTF8|Any CPU.ActiveCfg = Debug|Any CPU
		{9B705354-9183-4D52-A788-7A113F3EC405}.Debug-UTF8|Any CPU.Build.0 = Debug|Any CPU
		{9B705354-9183-4D52-A788-7A113F3EC405}.Debug-UTF8|x64.ActiveCfg = Debug|Any CPU
		{9B705354-9183-4D52-A788-7A113F3EC405}.Debug-UTF8|x64.Build.0 = Debug|Any CPU
		{9B705354-9183-4D52-A788-7A113F3EC405}.Debug-UTF8|x86.ActiveCfg = Debug|Any CPU
		{9B705354-9183-4D52-A788-7A113F3EC405}.Debug-UTF8|x86.Build.0 = Debug|Any CPU
		{9B705354-9183-4D52-A788-7A113F3EC405}.Release|Any CPU.ActiveCfg = Release|Any CPU
		{9B705354-9183-4D52-A788-7A113F3EC405}.Release|Any CPU.Build.0 = Release|Any CPU
		{9B705354-9183-4D52-A788-7A113F3EC405}.Release|x64.ActiveCfg = Release|Any CPU
		{9B705354-9183-4D52-A788-7A113F3EC405}.Release|x64.Build.0 = Release|Any CPU
		{9B705354-9183-4D52-A788-7A113F3EC405}.Release|x86.ActiveCfg = Release|Any CPU
		{9B705354-9183-4D52-A788-7A113F3EC405}.Release|x86.Build.0 = Release|Any CPU
		{9B705354-9183-4D52-A788-7A113F3EC405}.Release-UTF8|Any CPU.ActiveCfg = Release|Any CPU
		{9B705354-9183-4D52-A788-7A113F3EC405}.Release-UTF8|Any CPU.Build.0 = Release|Any CPU
		{9B705354-9183-4D52-A788-7A113F3EC405}.Release-UTF8|x64.ActiveCfg = Release|Any CPU
		{9B705354-9183-4D52-A788-7A113F3EC405}.Release-UTF8|x64.Build.0 = Release|Any CPU
		{9B705354-9183-4D52-A788-7A113F3EC405}.Release-UTF8|x86.ActiveCfg = Release|Any CPU
		{9B705354-9183-4D52-A788-7A113F3EC405}.Release-UTF8|x86.Build.0 = Release|Any CPU
	EndGlobalSection
	GlobalSection(SolutionProperties) = preSolution
		HideSolutionNode = FALSE
	EndGlobalSection
EndGlobal
