
Microsoft Visual Studio Solution File, Format Version 12.00
# Visual Studio 15
VisualStudioVersion = 15.0.27004.2006
MinimumVisualStudioVersion = 10.0.40219.1
Project("{9A19103F-16F7-4668-BE54-9A1E7A4F7556}") = "LiteHtmlSharp", "LiteHtmlSharp\LiteHtmlSharp.csproj", "{ACE4E835-8519-4EC0-8B26-38445133F169}"
EndProject
Project("{D954291E-2A0B-460D-934E-DC6B0785DB48}") = "LiteHtmlSharp.Shared", "LiteHtmlSharp.Shared\LiteHtmlSharp.Shared.shproj", "{46FD2D0E-A935-4E1C-BFC8-9B213B6C4EBF}"
EndProject
Project("{2150E333-8FDC-42A3-9474-1A3956D46DE8}") = "Solution Items", "Solution Items", "{02701E1D-C389-43DF-8A4B-C753A5F0E450}"
	ProjectSection(SolutionItems) = preProject
		.editorconfig = .editorconfig
	EndProjectSection
EndProject
Project("{9A19103F-16F7-4668-BE54-9A1E7A4F7556}") = "LiteHtmlSharp.WPF", "LiteHtmlSharp.WPF\LiteHtmlSharp.WPF.csproj", "{D92A9F4F-EDB6-4D93-A2F7-353D322B47D6}"
EndProject
Project("{9A19103F-16F7-4668-BE54-9A1E7A4F7556}") = "LiteHtmlSharp.Mac", "LiteHtmlSharp.Mac\LiteHtmlSharp.Mac.csproj", "{B3DE251C-A7B8-42A2-A8C9-E525DFD7D387}"
EndProject
Project("{D954291E-2A0B-460D-934E-DC6B0785DB48}") = "LiteHtmlSharp.CoreGraphics", "LiteHtmlSharp.CoreGraphics\LiteHtmlSharp.CoreGraphics.shproj", "{6C22A040-3735-43FE-BB3B-EDACDBCC0DBC}"
EndProject
Project("{FAE04EC0-301F-11D3-BF4B-00C04F79EFBC}") = "LiteHtmlSharp.Avalonia", "LiteHtmlSharp.Avalonia\LiteHtmlSharp.Avalonia.csproj", "{22EA745A-6A10-42F9-9392-C6B4F11FA50B}"
EndProject
Project("{FAE04EC0-301F-11D3-BF4B-00C04F79EFBC}") = "Example.Avalonia", "Example.Avalonia\Example.Avalonia.csproj", "{E83F9526-E544-4E28-A4E0-2BBCE5BD67B8}"
EndProject
Project("{FAE04EC0-301F-11D3-BF4B-00C04F79EFBC}") = "Example.Mac", "Example.Mac\Example.Mac.csproj", "{E9CDB9F0-4A8A-4C12-9D43-AEC594D81522}"
EndProject
Project("{FAE04EC0-301F-11D3-BF4B-00C04F79EFBC}") = "LiteHtmlSharp.iOS", "LiteHtmlSharp.iOS\LiteHtmlSharp.iOS.csproj", "{3F7B6E55-D190-4026-AC6A-B49ED9F37027}"
EndProject
Project("{FAE04EC0-301F-11D3-BF4B-00C04F79EFBC}") = "Example.Wpf", "Example.Wpf\Example.Wpf.csproj", "{33B4D9F4-0DFE-4A85-9289-227BFC64ACBF}"
EndProject
Global
	GlobalSection(SharedMSBuildProjectFiles) = preSolution
		LiteHtmlSharp.Shared\LiteHtmlSharp.Shared.projitems*{46fd2d0e-a935-4e1c-bfc8-9b213b6c4ebf}*SharedItemsImports = 13
		LiteHtmlSharp.CoreGraphics\LiteHtmlSharp.CoreGraphics.projitems*{6c22a040-3735-43fe-bb3b-edacdbcc0dbc}*SharedItemsImports = 13
	EndGlobalSection
	GlobalSection(SolutionConfigurationPlatforms) = preSolution
		Debug|Any CPU = Debug|Any CPU
		Debug|x64 = Debug|x64
		Debug|x86 = Debug|x86
		Release|Any CPU = Release|Any CPU
		Release|x64 = Release|x64
		Release|x86 = Release|x86
	EndGlobalSection
	GlobalSection(ProjectConfigurationPlatforms) = postSolution
		{ACE4E835-8519-4EC0-8B26-38445133F169}.Debug|Any CPU.ActiveCfg = Debug|Any CPU
		{ACE4E835-8519-4EC0-8B26-38445133F169}.Debug|Any CPU.Build.0 = Debug|Any CPU
		{ACE4E835-8519-4EC0-8B26-38445133F169}.Debug|x64.ActiveCfg = Debug|Any CPU
		{ACE4E835-8519-4EC0-8B26-38445133F169}.Debug|x64.Build.0 = Debug|Any CPU
		{ACE4E835-8519-4EC0-8B26-38445133F169}.Debug|x86.ActiveCfg = Debug|Any CPU
		{ACE4E835-8519-4EC0-8B26-38445133F169}.Debug|x86.Build.0 = Debug|Any CPU
		{ACE4E835-8519-4EC0-8B26-38445133F169}.Release|Any CPU.ActiveCfg = Release|Any CPU
		{ACE4E835-8519-4EC0-8B26-38445133F169}.Release|Any CPU.Build.0 = Release|Any CPU
		{ACE4E835-8519-4EC0-8B26-38445133F169}.Release|x64.ActiveCfg = Release|Any CPU
		{ACE4E835-8519-4EC0-8B26-38445133F169}.Release|x64.Build.0 = Release|Any CPU
		{ACE4E835-8519-4EC0-8B26-38445133F169}.Release|x86.ActiveCfg = Release|Any CPU
		{ACE4E835-8519-4EC0-8B26-38445133F169}.Release|x86.Build.0 = Release|Any CPU
		{D92A9F4F-EDB6-4D93-A2F7-353D322B47D6}.Debug|Any CPU.ActiveCfg = Debug|Any CPU
		{D92A9F4F-EDB6-4D93-A2F7-353D322B47D6}.Debug|Any CPU.Build.0 = Debug|Any CPU
		{D92A9F4F-EDB6-4D93-A2F7-353D322B47D6}.Debug|x64.ActiveCfg = Debug|Any CPU
		{D92A9F4F-EDB6-4D93-A2F7-353D322B47D6}.Debug|x64.Build.0 = Debug|Any CPU
		{D92A9F4F-EDB6-4D93-A2F7-353D322B47D6}.Debug|x86.ActiveCfg = Debug|Any CPU
		{D92A9F4F-EDB6-4D93-A2F7-353D322B47D6}.Debug|x86.Build.0 = Debug|Any CPU
		{D92A9F4F-EDB6-4D93-A2F7-353D322B47D6}.Release|Any CPU.ActiveCfg = Release|Any CPU
		{D92A9F4F-EDB6-4D93-A2F7-353D322B47D6}.Release|Any CPU.Build.0 = Release|Any CPU
		{D92A9F4F-EDB6-4D93-A2F7-353D322B47D6}.Release|x64.ActiveCfg = Release|Any CPU
		{D92A9F4F-EDB6-4D93-A2F7-353D322B47D6}.Release|x64.Build.0 = Release|Any CPU
		{D92A9F4F-EDB6-4D93-A2F7-353D322B47D6}.Release|x86.ActiveCfg = Release|Any CPU
		{D92A9F4F-EDB6-4D93-A2F7-353D322B47D6}.Release|x86.Build.0 = Release|Any CPU
		{B3DE251C-A7B8-42A2-A8C9-E525DFD7D387}.Debug|Any CPU.ActiveCfg = Debug|Any CPU
		{B3DE251C-A7B8-42A2-A8C9-E525DFD7D387}.Debug|Any CPU.Build.0 = Debug|Any CPU
		{B3DE251C-A7B8-42A2-A8C9-E525DFD7D387}.Debug|x64.ActiveCfg = Debug|Any CPU
		{B3DE251C-A7B8-42A2-A8C9-E525DFD7D387}.Debug|x64.Build.0 = Debug|Any CPU
		{B3DE251C-A7B8-42A2-A8C9-E525DFD7D387}.Debug|x86.ActiveCfg = Debug|Any CPU
		{B3DE251C-A7B8-42A2-A8C9-E525DFD7D387}.Debug|x86.Build.0 = Debug|Any CPU
		{B3DE251C-A7B8-42A2-A8C9-E525DFD7D387}.Release|Any CPU.ActiveCfg = Release|Any CPU
		{B3DE251C-A7B8-42A2-A8C9-E525DFD7D387}.Release|Any CPU.Build.0 = Release|Any CPU
		{B3DE251C-A7B8-42A2-A8C9-E525DFD7D387}.Release|x64.ActiveCfg = Release|Any CPU
		{B3DE251C-A7B8-42A2-A8C9-E525DFD7D387}.Release|x64.Build.0 = Release|Any CPU
		{B3DE251C-A7B8-42A2-A8C9-E525DFD7D387}.Release|x86.ActiveCfg = Release|Any CPU
		{B3DE251C-A7B8-42A2-A8C9-E525DFD7D387}.Release|x86.Build.0 = Release|Any CPU
		{22EA745A-6A10-42F9-9392-C6B4F11FA50B}.Debug|Any CPU.ActiveCfg = Debug|Any CPU
		{22EA745A-6A10-42F9-9392-C6B4F11FA50B}.Debug|Any CPU.Build.0 = Debug|Any CPU
		{22EA745A-6A10-42F9-9392-C6B4F11FA50B}.Debug|x64.ActiveCfg = Debug|Any CPU
		{22EA745A-6A10-42F9-9392-C6B4F11FA50B}.Debug|x64.Build.0 = Debug|Any CPU
		{22EA745A-6A10-42F9-9392-C6B4F11FA50B}.Debug|x86.ActiveCfg = Debug|Any CPU
		{22EA745A-6A10-42F9-9392-C6B4F11FA50B}.Debug|x86.Build.0 = Debug|Any CPU
		{22EA745A-6A10-42F9-9392-C6B4F11FA50B}.Release|Any CPU.ActiveCfg = Release|Any CPU
		{22EA745A-6A10-42F9-9392-C6B4F11FA50B}.Release|Any CPU.Build.0 = Release|Any CPU
		{22EA745A-6A10-42F9-9392-C6B4F11FA50B}.Release|x64.ActiveCfg = Release|Any CPU
		{22EA745A-6A10-42F9-9392-C6B4F11FA50B}.Release|x64.Build.0 = Release|Any CPU
		{22EA745A-6A10-42F9-9392-C6B4F11FA50B}.Release|x86.ActiveCfg = Release|Any CPU
		{22EA745A-6A10-42F9-9392-C6B4F11FA50B}.Release|x86.Build.0 = Release|Any CPU
		{E83F9526-E544-4E28-A4E0-2BBCE5BD67B8}.Debug|Any CPU.ActiveCfg = Debug|Any CPU
		{E83F9526-E544-4E28-A4E0-2BBCE5BD67B8}.Debug|Any CPU.Build.0 = Debug|Any CPU
		{E83F9526-E544-4E28-A4E0-2BBCE5BD67B8}.Debug|x64.ActiveCfg = Debug|Any CPU
		{E83F9526-E544-4E28-A4E0-2BBCE5BD67B8}.Debug|x64.Build.0 = Debug|Any CPU
		{E83F9526-E544-4E28-A4E0-2BBCE5BD67B8}.Debug|x86.ActiveCfg = Debug|Any CPU
		{E83F9526-E544-4E28-A4E0-2BBCE5BD67B8}.Debug|x86.Build.0 = Debug|Any CPU
		{E83F9526-E544-4E28-A4E0-2BBCE5BD67B8}.Release|Any CPU.ActiveCfg = Release|Any CPU
		{E83F9526-E544-4E28-A4E0-2BBCE5BD67B8}.Release|Any CPU.Build.0 = Release|Any CPU
		{E83F9526-E544-4E28-A4E0-2BBCE5BD67B8}.Release|x64.ActiveCfg = Release|Any CPU
		{E83F9526-E544-4E28-A4E0-2BBCE5BD67B8}.Release|x64.Build.0 = Release|Any CPU
		{E83F9526-E544-4E28-A4E0-2BBCE5BD67B8}.Release|x86.ActiveCfg = Release|Any CPU
		{E83F9526-E544-4E28-A4E0-2BBCE5BD67B8}.Release|x86.Build.0 = Release|Any CPU
		{E9CDB9F0-4A8A-4C12-9D43-AEC594D81522}.Debug|Any CPU.ActiveCfg = Debug|Any CPU
		{E9CDB9F0-4A8A-4C12-9D43-AEC594D81522}.Debug|Any CPU.Build.0 = Debug|Any CPU
		{E9CDB9F0-4A8A-4C12-9D43-AEC594D81522}.Debug|x64.ActiveCfg = Debug|Any CPU
		{E9CDB9F0-4A8A-4C12-9D43-AEC594D81522}.Debug|x64.Build.0 = Debug|Any CPU
		{E9CDB9F0-4A8A-4C12-9D43-AEC594D81522}.Debug|x86.ActiveCfg = Debug|Any CPU
		{E9CDB9F0-4A8A-4C12-9D43-AEC594D81522}.Debug|x86.Build.0 = Debug|Any CPU
		{E9CDB9F0-4A8A-4C12-9D43-AEC594D81522}.Release|Any CPU.ActiveCfg = Release|Any CPU
		{E9CDB9F0-4A8A-4C12-9D43-AEC594D81522}.Release|Any CPU.Build.0 = Release|Any CPU
		{E9CDB9F0-4A8A-4C12-9D43-AEC594D81522}.Release|x64.ActiveCfg = Release|Any CPU
		{E9CDB9F0-4A8A-4C12-9D43-AEC594D81522}.Release|x64.Build.0 = Release|Any CPU
		{E9CDB9F0-4A8A-4C12-9D43-AEC594D81522}.Release|x86.ActiveCfg = Release|Any CPU
		{E9CDB9F0-4A8A-4C12-9D43-AEC594D81522}.Release|x86.Build.0 = Release|Any CPU
		{3F7B6E55-D190-4026-AC6A-B49ED9F37027}.Debug|Any CPU.ActiveCfg = Debug|Any CPU
		{3F7B6E55-D190-4026-AC6A-B49ED9F37027}.Debug|Any CPU.Build.0 = Debug|Any CPU
		{3F7B6E55-D190-4026-AC6A-B49ED9F37027}.Debug|x64.ActiveCfg = Debug|Any CPU
		{3F7B6E55-D190-4026-AC6A-B49ED9F37027}.Debug|x64.Build.0 = Debug|Any CPU
		{3F7B6E55-D190-4026-AC6A-B49ED9F37027}.Debug|x86.ActiveCfg = Debug|Any CPU
		{3F7B6E55-D190-4026-AC6A-B49ED9F37027}.Debug|x86.Build.0 = Debug|Any CPU
		{3F7B6E55-D190-4026-AC6A-B49ED9F37027}.Release|Any CPU.ActiveCfg = Release|Any CPU
		{3F7B6E55-D190-4026-AC6A-B49ED9F37027}.Release|Any CPU.Build.0 = Release|Any CPU
		{3F7B6E55-D190-4026-AC6A-B49ED9F37027}.Release|x64.ActiveCfg = Release|Any CPU
		{3F7B6E55-D190-4026-AC6A-B49ED9F37027}.Release|x64.Build.0 = Release|Any CPU
		{3F7B6E55-D190-4026-AC6A-B49ED9F37027}.Release|x86.ActiveCfg = Release|Any CPU
		{3F7B6E55-D190-4026-AC6A-B49ED9F37027}.Release|x86.Build.0 = Release|Any CPU
		{33B4D9F4-0DFE-4A85-9289-227BFC64ACBF}.Debug|Any CPU.ActiveCfg = Debug|Any CPU
		{33B4D9F4-0DFE-4A85-9289-227BFC64ACBF}.Debug|Any CPU.Build.0 = Debug|Any CPU
		{33B4D9F4-0DFE-4A85-9289-227BFC64ACBF}.Debug|x64.ActiveCfg = Debug|Any CPU
		{33B4D9F4-0DFE-4A85-9289-227BFC64ACBF}.Debug|x64.Build.0 = Debug|Any CPU
		{33B4D9F4-0DFE-4A85-9289-227BFC64ACBF}.Debug|x86.ActiveCfg = Debug|Any CPU
		{33B4D9F4-0DFE-4A85-9289-227BFC64ACBF}.Debug|x86.Build.0 = Debug|Any CPU
		{33B4D9F4-0DFE-4A85-9289-227BFC64ACBF}.Release|Any CPU.ActiveCfg = Release|Any CPU
		{33B4D9F4-0DFE-4A85-9289-227BFC64ACBF}.Release|Any CPU.Build.0 = Release|Any CPU
		{33B4D9F4-0DFE-4A85-9289-227BFC64ACBF}.Release|x64.ActiveCfg = Release|Any CPU
		{33B4D9F4-0DFE-4A85-9289-227BFC64ACBF}.Release|x64.Build.0 = Release|Any CPU
		{33B4D9F4-0DFE-4A85-9289-227BFC64ACBF}.Release|x86.ActiveCfg = Release|Any CPU
		{33B4D9F4-0DFE-4A85-9289-227BFC64ACBF}.Release|x86.Build.0 = Release|Any CPU
	EndGlobalSection
	GlobalSection(SolutionProperties) = preSolution
		HideSolutionNode = FALSE
	EndGlobalSection
	GlobalSection(ExtensibilityGlobals) = postSolution
		SolutionGuid = {11DDFC82-7700-4CC7-9632-B78829C52DD7}
	EndGlobalSection
	GlobalSection(RiderSharedRunConfigurations) = postSolution
		File = ..\WebGUI\CerebroWebGUI\.run\CER-http dev-server.run.xml
		File = ..\WebGUI\CerebroWebGUI\.run\Delete Webpack Cache.run.xml
		File = ..\WebGUI\CerebroWebGUI\.run\CER-Javascript Debug.run.xml
		File = ..\WebGUI\SelfHostedWebGUI\.run\Self-http dev server.run.xml
		File = ..\WebGUI\SelfHostedWebGUI\.run\Self-Javascript Debug.run.xml
		File = ..\WebGUI\SelfHostedWebGUI\.run\SELF-http dev server WIN.run.xml
	EndGlobalSection
EndGlobal
