
Microsoft Visual Studio Solution File, Format Version 12.00
# Visual Studio 2012
Project("{D954291E-2A0B-460D-934E-DC6B0785DB48}") = "LiteHtmlSharp", "LiteHtmlSharp\LiteHtmlSharp.shproj", "{6BC47FA3-8312-436A-A609-F87D59DBE874}"
EndProject
Project("{D954291E-2A0B-460D-934E-DC6B0785DB48}") = "LiteHtmlSharp.CoreGraphics", "LiteHtmlSharp.CoreGraphics\LiteHtmlSharp.CoreGraphics.shproj", "{6C22A040-3735-43FE-BB3B-EDACDBCC0DBC}"
EndProject
Project("{FAE04EC0-301F-11D3-BF4B-00C04F79EFBC}") = "LiteHtmlSharp.Mac", "LiteHtmlSharp.Mac\LiteHtmlSharp.Mac.csproj", "{81EC8297-3616-428D-89D1-06B7AC68574B}"
EndProject
Project("{2150E333-8FDC-42A3-9474-1A3956D46DE8}") = "Solution Items", "Solution Items", "{D84732A5-2D01-4917-9C4A-7E5618DCB55B}"
	ProjectSection(SolutionItems) = preProject
		README.md = README.md
	EndProjectSection
EndProject
Project("{FAE04EC0-301F-11D3-BF4B-00C04F79EFBC}") = "Example.Mac", "Example.Mac\Example.Mac.csproj", "{E9CDB9F0-4A8A-4C12-9D43-AEC594D81522}"
EndProject
Global
	GlobalSection(SolutionConfigurationPlatforms) = preSolution
		Debug|Any CPU = Debug|Any CPU
		Release|Any CPU = Release|Any CPU
		Default|Any CPU = Default|Any CPU
	EndGlobalSection
	GlobalSection(ProjectConfigurationPlatforms) = postSolution
		{81EC8297-3616-428D-89D1-06B7AC68574B}.Debug|Any CPU.ActiveCfg = Debug|Any CPU
		{81EC8297-3616-428D-89D1-06B7AC68574B}.Debug|Any CPU.Build.0 = Debug|Any CPU
		{81EC8297-3616-428D-89D1-06B7AC68574B}.Default|Any CPU.ActiveCfg = Debug|Any CPU
		{81EC8297-3616-428D-89D1-06B7AC68574B}.Default|Any CPU.Build.0 = Debug|Any CPU
		{81EC8297-3616-428D-89D1-06B7AC68574B}.Release|Any CPU.ActiveCfg = Release|Any CPU
		{81EC8297-3616-428D-89D1-06B7AC68574B}.Release|Any CPU.Build.0 = Release|Any CPU
		{E9CDB9F0-4A8A-4C12-9D43-AEC594D81522}.Debug|Any CPU.ActiveCfg = Debug|Any CPU
		{E9CDB9F0-4A8A-4C12-9D43-AEC594D81522}.Debug|Any CPU.Build.0 = Debug|Any CPU
		{E9CDB9F0-4A8A-4C12-9D43-AEC594D81522}.Release|Any CPU.ActiveCfg = Release|Any CPU
		{E9CDB9F0-4A8A-4C12-9D43-AEC594D81522}.Release|Any CPU.Build.0 = Release|Any CPU
		{E9CDB9F0-4A8A-4C12-9D43-AEC594D81522}.Default|Any CPU.ActiveCfg = Debug|Any CPU
		{E9CDB9F0-4A8A-4C12-9D43-AEC594D81522}.Default|Any CPU.Build.0 = Debug|Any CPU
	EndGlobalSection
	GlobalSection(NestedProjects) = preSolution
	EndGlobalSection
EndGlobal
