<?xml version="1.0" encoding="utf-8"?>
<Project ToolsVersion="4.0" xmlns="http://schemas.microsoft.com/developer/msbuild/2003">
  <ItemGroup>
    <Filter Include="Source Files">
      <UniqueIdentifier>{4FC737F1-C7A5-4376-A066-2A32D752A2FF}</UniqueIdentifier>
      <Extensions>cpp;c;cc;cxx;def;odl;idl;hpj;bat;asm;asmx</Extensions>
    </Filter>
    <Filter Include="Header Files">
      <UniqueIdentifier>{93995380-89BD-4b04-88EB-625FBE52EBFB}</UniqueIdentifier>
      <Extensions>h;hh;hpp;hxx;hm;inl;inc;xsd</Extensions>
    </Filter>
    <Filter Include="Resource Files">
      <UniqueIdentifier>{67DA6AB6-F800-4c08-8B7A-83BB121AAD01}</UniqueIdentifier>
      <Extensions>rc;ico;cur;bmp;dlg;rc2;rct;bin;rgs;gif;jpg;jpeg;jpe;resx;tiff;tif;png;wav;mfcribbon-ms</Extensions>
    </Filter>
    <Filter Include="litehtml_src">
      <UniqueIdentifier>{09e3a419-c6f5-4775-a8f6-818efd45c404}</UniqueIdentifier>
    </Filter>
  </ItemGroup>
  <ItemGroup>
    <ClInclude Include="src\DocContainer.h">
      <Filter>Header Files</Filter>
    </ClInclude>
    <ClInclude Include="src\Globals.h">
      <Filter>Header Files</Filter>
    </ClInclude>
    <ClInclude Include="src\TagElement.h">
      <Filter>Header Files</Filter>
    </ClInclude>
    <ClInclude Include="src\CallbackDelegates.h">
      <Filter>Header Files</Filter>
    </ClInclude>
    <ClInclude Include="..\litehtml\include\litehtml.h">
      <Filter>litehtml_src</Filter>
    </ClInclude>
  </ItemGroup>
  <ItemGroup>
    <ClCompile Include="src\dllmain.cpp">
      <Filter>Source Files</Filter>
    </ClCompile>
    <ClCompile Include="src\DocContainer.cpp">
      <Filter>Source Files</Filter>
    </ClCompile>
    <ClCompile Include="src\Globals.cpp">
      <Filter>Source Files</Filter>
    </ClCompile>
    <ClCompile Include="src\TagElement.cpp">
      <Filter>Source Files</Filter>
    </ClCompile>
    <ClCompile Include="..\litehtml\src\background.cpp">
      <Filter>litehtml_src</Filter>
    </ClCompile>
    <ClCompile Include="..\litehtml\src\box.cpp">
      <Filter>litehtml_src</Filter>
    </ClCompile>
    <ClCompile Include="..\litehtml\src\codepoint.cpp">
      <Filter>litehtml_src</Filter>
    </ClCompile>
    <ClCompile Include="..\litehtml\src\context.cpp">
      <Filter>litehtml_src</Filter>
    </ClCompile>
    <ClCompile Include="..\litehtml\src\css_length.cpp">
      <Filter>litehtml_src</Filter>
    </ClCompile>
    <ClCompile Include="..\litehtml\src\css_selector.cpp">
      <Filter>litehtml_src</Filter>
    </ClCompile>
    <ClCompile Include="..\litehtml\src\document.cpp">
      <Filter>litehtml_src</Filter>
    </ClCompile>
    <ClCompile Include="..\litehtml\src\el_anchor.cpp">
      <Filter>litehtml_src</Filter>
    </ClCompile>
    <ClCompile Include="..\litehtml\src\el_base.cpp">
      <Filter>litehtml_src</Filter>
    </ClCompile>
    <ClCompile Include="..\litehtml\src\el_before_after.cpp">
      <Filter>litehtml_src</Filter>
    </ClCompile>
    <ClCompile Include="..\litehtml\src\el_body.cpp">
      <Filter>litehtml_src</Filter>
    </ClCompile>
    <ClCompile Include="..\litehtml\src\el_break.cpp">
      <Filter>litehtml_src</Filter>
    </ClCompile>
    <ClCompile Include="..\litehtml\src\el_cdata.cpp">
      <Filter>litehtml_src</Filter>
    </ClCompile>
    <ClCompile Include="..\litehtml\src\el_comment.cpp">
      <Filter>litehtml_src</Filter>
    </ClCompile>
    <ClCompile Include="..\litehtml\src\el_div.cpp">
      <Filter>litehtml_src</Filter>
    </ClCompile>
    <ClCompile Include="..\litehtml\src\el_font.cpp">
      <Filter>litehtml_src</Filter>
    </ClCompile>
    <ClCompile Include="..\litehtml\src\el_image.cpp">
      <Filter>litehtml_src</Filter>
    </ClCompile>
    <ClCompile Include="..\litehtml\src\el_li.cpp">
      <Filter>litehtml_src</Filter>
    </ClCompile>
    <ClCompile Include="..\litehtml\src\el_link.cpp">
      <Filter>litehtml_src</Filter>
    </ClCompile>
    <ClCompile Include="..\litehtml\src\el_para.cpp">
      <Filter>litehtml_src</Filter>
    </ClCompile>
    <ClCompile Include="..\litehtml\src\el_script.cpp">
      <Filter>litehtml_src</Filter>
    </ClCompile>
    <ClCompile Include="..\litehtml\src\el_space.cpp">
      <Filter>litehtml_src</Filter>
    </ClCompile>
    <ClCompile Include="..\litehtml\src\el_style.cpp">
      <Filter>litehtml_src</Filter>
    </ClCompile>
    <ClCompile Include="..\litehtml\src\el_table.cpp">
      <Filter>litehtml_src</Filter>
    </ClCompile>
    <ClCompile Include="..\litehtml\src\el_td.cpp">
      <Filter>litehtml_src</Filter>
    </ClCompile>
    <ClCompile Include="..\litehtml\src\el_text.cpp">
      <Filter>litehtml_src</Filter>
    </ClCompile>
    <ClCompile Include="..\litehtml\src\el_title.cpp">
      <Filter>litehtml_src</Filter>
    </ClCompile>
    <ClCompile Include="..\litehtml\src\el_tr.cpp">
      <Filter>litehtml_src</Filter>
    </ClCompile>
    <ClCompile Include="..\litehtml\src\element.cpp">
      <Filter>litehtml_src</Filter>
    </ClCompile>
    <ClCompile Include="..\litehtml\src\html.cpp">
      <Filter>litehtml_src</Filter>
    </ClCompile>
    <ClCompile Include="..\litehtml\src\html_tag.cpp">
      <Filter>litehtml_src</Filter>
    </ClCompile>
    <ClCompile Include="..\litehtml\src\iterators.cpp">
      <Filter>litehtml_src</Filter>
    </ClCompile>
    <ClCompile Include="..\litehtml\src\media_query.cpp">
      <Filter>litehtml_src</Filter>
    </ClCompile>
    <ClCompile Include="..\litehtml\src\num_cvt.cpp">
      <Filter>litehtml_src</Filter>
    </ClCompile>
    <ClCompile Include="..\litehtml\src\strtod.cpp">
      <Filter>litehtml_src</Filter>
    </ClCompile>
    <ClCompile Include="..\litehtml\src\style.cpp">
      <Filter>litehtml_src</Filter>
    </ClCompile>
    <ClCompile Include="..\litehtml\src\stylesheet.cpp">
      <Filter>litehtml_src</Filter>
    </ClCompile>
    <ClCompile Include="..\litehtml\src\table.cpp">
      <Filter>litehtml_src</Filter>
    </ClCompile>
    <ClCompile Include="..\litehtml\src\tstring_view.cpp">
      <Filter>litehtml_src</Filter>
    </ClCompile>
    <ClCompile Include="..\litehtml\src\url.cpp">
      <Filter>litehtml_src</Filter>
    </ClCompile>
    <ClCompile Include="..\litehtml\src\url_path.cpp">
      <Filter>litehtml_src</Filter>
    </ClCompile>
    <ClCompile Include="..\litehtml\src\utf8_strings.cpp">
      <Filter>litehtml_src</Filter>
    </ClCompile>
    <ClCompile Include="..\litehtml\src\web_color.cpp">
      <Filter>litehtml_src</Filter>
    </ClCompile>
    <ClCompile Include="..\litehtml\src\gumbo\attribute.c">
      <Filter>litehtml_src</Filter>
    </ClCompile>
    <ClCompile Include="..\litehtml\src\gumbo\char_ref.c">
      <Filter>litehtml_src</Filter>
    </ClCompile>
    <ClCompile Include="..\litehtml\src\gumbo\error.c">
      <Filter>litehtml_src</Filter>
    </ClCompile>
    <ClCompile Include="..\litehtml\src\gumbo\parser.c">
      <Filter>litehtml_src</Filter>
    </ClCompile>
    <ClCompile Include="..\litehtml\src\gumbo\string_buffer.c">
      <Filter>litehtml_src</Filter>
    </ClCompile>
    <ClCompile Include="..\litehtml\src\gumbo\string_piece.c">
      <Filter>litehtml_src</Filter>
    </ClCompile>
    <ClCompile Include="..\litehtml\src\gumbo\tag.c">
      <Filter>litehtml_src</Filter>
    </ClCompile>
    <ClCompile Include="..\litehtml\src\gumbo\tokenizer.c">
      <Filter>litehtml_src</Filter>
    </ClCompile>
    <ClCompile Include="..\litehtml\src\gumbo\utf8.c">
      <Filter>litehtml_src</Filter>
    </ClCompile>
    <ClCompile Include="..\litehtml\src\gumbo\util.c">
      <Filter>litehtml_src</Filter>
    </ClCompile>
    <ClCompile Include="..\litehtml\src\gumbo\vector.c">
      <Filter>litehtml_src</Filter>
    </ClCompile>
  </ItemGroup>
  <ItemGroup>
    <None Include="..\litehtml\src\gumbo\char_ref.rl">
      <Filter>litehtml_src</Filter>
    </None>
  </ItemGroup>
</Project>