
Microsoft Visual Studio Solution File, Format Version 12.00
# Visual Studio 2012
Project("{FAE04EC0-301F-11D3-BF4B-00C04F79EFBC}") = "MacTest", "MacTest.csproj", "{88DC2F6C-0092-428D-B62A-33F7AF0F2AD8}"
EndProject
Project("{D954291E-2A0B-460D-934E-DC6B0785DB48}") = "LiteHtmlSharp", "..\LiteHtmlSharp\LiteHtmlSharp.shproj", "{6BC47FA3-8312-436A-A609-F87D59DBE874}"
EndProject
Global
	GlobalSection(SolutionConfigurationPlatforms) = preSolution
		Debug|Any CPU = Debug|Any CPU
		Release|Any CPU = Release|Any CPU
	EndGlobalSection
	GlobalSection(ProjectConfigurationPlatforms) = postSolution
		{88DC2F6C-0092-428D-B62A-33F7AF0F2AD8}.Debug|Any CPU.ActiveCfg = Debug|Any CPU
		{88DC2F6C-0092-428D-B62A-33F7AF0F2AD8}.Debug|Any CPU.Build.0 = Debug|Any CPU
		{88DC2F6C-0092-428D-B62A-33F7AF0F2AD8}.Release|Any CPU.ActiveCfg = Release|Any CPU
		{88DC2F6C-0092-428D-B62A-33F7AF0F2AD8}.Release|Any CPU.Build.0 = Release|Any CPU
	EndGlobalSection
EndGlobal
